version: 6
environments:
  default:
    channels:
    - url: https://prefix.dev/conda-forge/
    indexes:
    - https://pypi.org/simple
    options:
      pypi-prerelease-mode: if-necessary-or-explicit
    packages:
      linux-64:
      - conda: https://prefix.dev/conda-forge/linux-64/_libgcc_mutex-0.1-conda_forge.tar.bz2
      - conda: https://prefix.dev/conda-forge/linux-64/_openmp_mutex-4.5-2_gnu.tar.bz2
      - conda: https://prefix.dev/conda-forge/linux-64/bzip2-1.0.8-hda65f42_8.conda
      - conda: https://prefix.dev/conda-forge/noarch/ca-certificates-2025.11.12-hbd8a1cb_0.conda
      - conda: https://prefix.dev/conda-forge/linux-64/ld_impl_linux-64-2.45-default_hbd61a6d_104.conda
      - conda: https://prefix.dev/conda-forge/linux-64/libexpat-2.7.3-hecca717_0.conda
      - conda: https://prefix.dev/conda-forge/linux-64/libffi-3.5.2-h9ec8514_0.conda
      - conda: https://prefix.dev/conda-forge/linux-64/libgcc-15.2.0-he0feb66_15.conda
      - conda: https://prefix.dev/conda-forge/linux-64/libgomp-15.2.0-he0feb66_15.conda
      - conda: https://prefix.dev/conda-forge/linux-64/liblzma-5.8.1-hb9d3cd8_2.conda
      - conda: https://prefix.dev/conda-forge/linux-64/libmpdec-4.0.0-hb9d3cd8_0.conda
      - conda: https://prefix.dev/conda-forge/linux-64/libsqlite-3.51.1-h0c1763c_0.conda
      - conda: https://prefix.dev/conda-forge/linux-64/libuuid-2.41.2-h5347b49_1.conda
      - conda: https://prefix.dev/conda-forge/linux-64/libzlib-1.3.1-hb9d3cd8_2.conda
      - conda: https://prefix.dev/conda-forge/linux-64/ncurses-6.5-h2d0b736_3.conda
      - conda: https://prefix.dev/conda-forge/linux-64/openssl-3.6.0-h26f9b46_0.conda
      - conda: https://prefix.dev/conda-forge/linux-64/python-3.13.11-hc97d973_100_cp313.conda
      - conda: https://prefix.dev/conda-forge/noarch/python_abi-3.13-8_cp313.conda
      - conda: https://prefix.dev/conda-forge/linux-64/readline-8.2-h8c095d6_2.conda
      - conda: https://prefix.dev/conda-forge/linux-64/tk-8.6.13-noxft_ha0e22de_103.conda
      - conda: https://prefix.dev/conda-forge/noarch/tzdata-2025b-h78e105d_0.conda
      - conda: https://prefix.dev/conda-forge/linux-64/zstd-1.5.7-hb78ec9c_6.conda
      - pypi: https://files.pythonhosted.org/packages/a7/06/3d6badcf13db419e25b07041d9c7b4a2c331d3f4e7134445ec5df57714cd/coloredlogs-15.0.1-py2.py3-none-any.whl
      - pypi: https://files.pythonhosted.org/packages/ee/1b/00a78aa2e8fbd63f9af08c9c19e6deb3d5d66b4dda677a0f61654680ee89/flatbuffers-25.9.23-py2.py3-none-any.whl
      - pypi: https://files.pythonhosted.org/packages/f0/0f/310fb31e39e2d734ccaa2c0fb981ee41f7bd5056ce9bc29b2248bd569169/humanfriendly-10.0-py2.py3-none-any.whl
      - pypi: https://files.pythonhosted.org/packages/43/e3/7d92a15f894aa0c9c4b49b8ee9ac9850d6e63b03c9c32c0367a13ae62209/mpmath-1.3.0-py3-none-any.whl
      - pypi: https://files.pythonhosted.org/packages/19/49/4df9123aafa7b539317bf6d342cb6d227e49f7a35b99c287a6109b13dd93/numpy-2.2.6-cp313-cp313-manylinux_2_17_x86_64.manylinux2014_x86_64.whl
      - pypi: https://files.pythonhosted.org/packages/87/9d/45a995437879c18beff26eacc2322f4227224d04c6ac3254dce2e8950190/onnxruntime-1.22.1-cp313-cp313-manylinux_2_27_x86_64.manylinux_2_28_x86_64.whl
      - pypi: https://files.pythonhosted.org/packages/a6/f3/8e4332aad38b22402b7671fedea60e930639b7f265a99f61f31dd8f8fce7/onnxruntime_openvino-1.22.0-cp313-cp313-manylinux_2_28_x86_64.whl
      - pypi: https://files.pythonhosted.org/packages/8c/8a/39a89f287a0442261b279b12ad25197cc145f28b5635c768cff344434e76/openvino-2025.1.0-18503-cp313-cp313-manylinux2014_x86_64.whl
      - pypi: https://files.pythonhosted.org/packages/3b/ac/5ab0ca0aa269ad3c73f7bfc3801b10e5f56f75a31bf68c1ae8bd51cf70a4/openvino_telemetry-2025.2.0-py3-none-any.whl
      - pypi: https://files.pythonhosted.org/packages/20/12/38679034af332785aac8774540895e234f4d07f7545804097de4b666afd8/packaging-25.0-py3-none-any.whl
      - pypi: https://files.pythonhosted.org/packages/56/13/333b8f421738f149d4fe5e49553bc2a2ab75235486259f689b4b91f96cec/protobuf-6.33.2-cp39-abi3-manylinux2014_x86_64.whl
      - pypi: https://files.pythonhosted.org/packages/a2/09/77d55d46fd61b4a135c444fc97158ef34a095e5681d0a6c10b75bf356191/sympy-1.14.0-py3-none-any.whl
      win-64:
      - conda: https://prefix.dev/conda-forge/win-64/bzip2-1.0.8-h0ad9c76_8.conda
      - conda: https://prefix.dev/conda-forge/noarch/ca-certificates-2025.11.12-h4c7d964_0.conda
      - conda: https://prefix.dev/conda-forge/win-64/libexpat-2.7.3-hac47afa_0.conda
      - conda: https://prefix.dev/conda-forge/win-64/libffi-3.5.2-h52bdfb6_0.conda
      - conda: https://prefix.dev/conda-forge/win-64/liblzma-5.8.1-h2466b09_2.conda
      - conda: https://prefix.dev/conda-forge/win-64/libmpdec-4.0.0-h2466b09_0.conda
      - conda: https://prefix.dev/conda-forge/win-64/libsqlite-3.51.1-hf5d6505_0.conda
      - conda: https://prefix.dev/conda-forge/win-64/libzlib-1.3.1-h2466b09_2.conda
      - conda: https://prefix.dev/conda-forge/win-64/openssl-3.6.0-h725018a_0.conda
      - conda: https://prefix.dev/conda-forge/win-64/python-3.13.11-h09917c8_100_cp313.conda
      - conda: https://prefix.dev/conda-forge/noarch/python_abi-3.13-8_cp313.conda
      - conda: https://prefix.dev/conda-forge/win-64/tk-8.6.13-h2c6b04d_3.conda
      - conda: https://prefix.dev/conda-forge/noarch/tzdata-2025b-h78e105d_0.conda
      - conda: https://prefix.dev/conda-forge/win-64/ucrt-10.0.26100.0-h57928b3_0.conda
      - conda: https://prefix.dev/conda-forge/win-64/vc-14.3-h2b53caa_32.conda
      - conda: https://prefix.dev/conda-forge/win-64/vc14_runtime-14.44.35208-h818238b_32.conda
      - conda: https://prefix.dev/conda-forge/win-64/vcomp14-14.44.35208-h818238b_32.conda
      - pypi: https://files.pythonhosted.org/packages/a7/06/3d6badcf13db419e25b07041d9c7b4a2c331d3f4e7134445ec5df57714cd/coloredlogs-15.0.1-py2.py3-none-any.whl
      - pypi: https://files.pythonhosted.org/packages/ee/1b/00a78aa2e8fbd63f9af08c9c19e6deb3d5d66b4dda677a0f61654680ee89/flatbuffers-25.9.23-py2.py3-none-any.whl
      - pypi: https://files.pythonhosted.org/packages/f0/0f/310fb31e39e2d734ccaa2c0fb981ee41f7bd5056ce9bc29b2248bd569169/humanfriendly-10.0-py2.py3-none-any.whl
      - pypi: https://files.pythonhosted.org/packages/43/e3/7d92a15f894aa0c9c4b49b8ee9ac9850d6e63b03c9c32c0367a13ae62209/mpmath-1.3.0-py3-none-any.whl
      - pypi: https://files.pythonhosted.org/packages/cb/3b/d58c12eafcb298d4e6d0d40216866ab15f59e55d148a5658bb3132311fcf/numpy-2.2.6-cp313-cp313-win_amd64.whl
      - pypi: https://files.pythonhosted.org/packages/4c/06/9c765e66ad32a7e709ce4cb6b95d7eaa9cb4d92a6e11ea97c20ffecaf765/onnxruntime-1.22.1-cp313-cp313-win_amd64.whl
      - pypi: https://files.pythonhosted.org/packages/c3/0c/b7ac06f634403354225a5fc7a4b46cc4eb7fdd8a03dea3c77efd95e3c3dd/onnxruntime_openvino-1.22.0-cp313-cp313-win_amd64.whl
      - pypi: https://files.pythonhosted.org/packages/c0/01/b25400307b2c13e3f32bcd2f06a0d3f823c42d3ad1092209830a7002fb60/openvino-2025.1.0-18503-cp313-cp313-win_amd64.whl
      - pypi: https://files.pythonhosted.org/packages/3b/ac/5ab0ca0aa269ad3c73f7bfc3801b10e5f56f75a31bf68c1ae8bd51cf70a4/openvino_telemetry-2025.2.0-py3-none-any.whl
      - pypi: https://files.pythonhosted.org/packages/20/12/38679034af332785aac8774540895e234f4d07f7545804097de4b666afd8/packaging-25.0-py3-none-any.whl
      - pypi: https://files.pythonhosted.org/packages/64/20/4d50191997e917ae13ad0a235c8b42d8c1ab9c3e6fd455ca16d416944355/protobuf-6.33.2-cp310-abi3-win_amd64.whl
      - pypi: https://files.pythonhosted.org/packages/5a/dc/491b7661614ab97483abf2056be1deee4dc2490ecbf7bff9ab5cdbac86e1/pyreadline3-3.5.4-py3-none-any.whl
      - pypi: https://files.pythonhosted.org/packages/a2/09/77d55d46fd61b4a135c444fc97158ef34a095e5681d0a6c10b75bf356191/sympy-1.14.0-py3-none-any.whl
packages:
- conda: https://prefix.dev/conda-forge/linux-64/_libgcc_mutex-0.1-conda_forge.tar.bz2
  sha256: fe51de6107f9edc7aa4f786a70f4a883943bc9d39b3bb7307c04c41410990726
  md5: d7c89558ba9fa0495403155b64376d81
  license: None
  purls: []
  size: 2562
  timestamp: 1578324546067
- conda: https://prefix.dev/conda-forge/linux-64/_openmp_mutex-4.5-2_gnu.tar.bz2
  build_number: 16
  sha256: fbe2c5e56a653bebb982eda4876a9178aedfc2b545f25d0ce9c4c0b508253d22
  md5: 73aaf86a425cc6e73fcf236a5a46396d
  depends:
  - _libgcc_mutex 0.1 conda_forge
  - libgomp >=7.5.0
  constrains:
  - openmp_impl 9999
  license: BSD-3-Clause
  license_family: BSD
  purls: []
  size: 23621
  timestamp: 1650670423406
- conda: https://prefix.dev/conda-forge/linux-64/bzip2-1.0.8-hda65f42_8.conda
  sha256: c30daba32ddebbb7ded490f0e371eae90f51e72db620554089103b4a6934b0d5
  md5: 51a19bba1b8ebfb60df25cde030b7ebc
  depends:
  - __glibc >=2.17,<3.0.a0
  - libgcc >=14
  license: bzip2-1.0.6
  license_family: BSD
  purls: []
  size: 260341
  timestamp: 1757437258798
- conda: https://prefix.dev/conda-forge/win-64/bzip2-1.0.8-h0ad9c76_8.conda
  sha256: d882712855624641f48aa9dc3f5feea2ed6b4e6004585d3616386a18186fe692
  md5: 1077e9333c41ff0be8edd1a5ec0ddace
  depends:
  - ucrt >=10.0.20348.0
  - vc >=14.3,<15
  - vc14_runtime >=14.44.35208
  license: bzip2-1.0.6
  license_family: BSD
  purls: []
  size: 55977
  timestamp: 1757437738856
- conda: https://prefix.dev/conda-forge/noarch/ca-certificates-2025.11.12-h4c7d964_0.conda
  sha256: 686a13bd2d4024fc99a22c1e0e68a7356af3ed3304a8d3ff6bb56249ad4e82f0
  md5: f98fb7db808b94bc1ec5b0e62f9f1069
  depends:
  - __win
  license: ISC
  purls: []
  size: 152827
  timestamp: 1762967310929
- conda: https://prefix.dev/conda-forge/noarch/ca-certificates-2025.11.12-hbd8a1cb_0.conda
  sha256: b986ba796d42c9d3265602bc038f6f5264095702dd546c14bc684e60c385e773
  md5: f0991f0f84902f6b6009b4d2350a83aa
  depends:
  - __unix
  license: ISC
  purls: []
  size: 152432
  timestamp: 1762967197890
- pypi: https://files.pythonhosted.org/packages/a7/06/3d6badcf13db419e25b07041d9c7b4a2c331d3f4e7134445ec5df57714cd/coloredlogs-15.0.1-py2.py3-none-any.whl
  name: coloredlogs
  version: 15.0.1
  sha256: 612ee75c546f53e92e70049c9dbfcc18c935a2b9a53b66085ce9ef6a6e5c0934
  requires_dist:
  - humanfriendly>=9.1
  - capturer>=2.4 ; extra == 'cron'
  requires_python: '>=2.7,!=3.0.*,!=3.1.*,!=3.2.*,!=3.3.*,!=3.4.*'
- pypi: https://files.pythonhosted.org/packages/ee/1b/00a78aa2e8fbd63f9af08c9c19e6deb3d5d66b4dda677a0f61654680ee89/flatbuffers-25.9.23-py2.py3-none-any.whl
  name: flatbuffers
  version: 25.9.23
  sha256: 255538574d6cb6d0a79a17ec8bc0d30985913b87513a01cce8bcdb6b4c44d0e2
- pypi: https://files.pythonhosted.org/packages/f0/0f/310fb31e39e2d734ccaa2c0fb981ee41f7bd5056ce9bc29b2248bd569169/humanfriendly-10.0-py2.py3-none-any.whl
  name: humanfriendly
  version: '10.0'
  sha256: 1697e1a8a8f550fd43c2865cd84542fc175a61dcb779b6fee18cf6b6ccba1477
  requires_dist:
  - monotonic ; python_full_version == '2.7.*'
  - pyreadline ; python_full_version < '3.8' and sys_platform == 'win32'
  - pyreadline3 ; python_full_version >= '3.8' and sys_platform == 'win32'
  requires_python: '>=2.7,!=3.0.*,!=3.1.*,!=3.2.*,!=3.3.*,!=3.4.*'
- conda: https://prefix.dev/conda-forge/linux-64/ld_impl_linux-64-2.45-default_hbd61a6d_104.conda
  sha256: 9e191baf2426a19507f1d0a17be0fdb7aa155cdf0f61d5a09c808e0a69464312
  md5: a6abd2796fc332536735f68ba23f7901
  depends:
  - __glibc >=2.17,<3.0.a0
  - zstd >=1.5.7,<1.6.0a0
  constrains:
  - binutils_impl_linux-64 2.45
  license: GPL-3.0-only
  license_family: GPL
  purls: []
  size: 725545
  timestamp: 1764007826689
- conda: https://prefix.dev/conda-forge/linux-64/libexpat-2.7.3-hecca717_0.conda
  sha256: 1e1b08f6211629cbc2efe7a5bca5953f8f6b3cae0eeb04ca4dacee1bd4e2db2f
  md5: 8b09ae86839581147ef2e5c5e229d164
  depends:
  - __glibc >=2.17,<3.0.a0
  - libgcc >=14
  constrains:
  - expat 2.7.3.*
  license: MIT
  license_family: MIT
  purls: []
  size: 76643
  timestamp: 1763549731408
- conda: https://prefix.dev/conda-forge/win-64/libexpat-2.7.3-hac47afa_0.conda
  sha256: 844ab708594bdfbd7b35e1a67c379861bcd180d6efe57b654f482ae2f7f5c21e
  md5: 8c9e4f1a0e688eef2e95711178061a0f
  depends:
  - ucrt >=10.0.20348.0
  - vc >=14.3,<15
  - vc14_runtime >=14.44.35208
  constrains:
  - expat 2.7.3.*
  license: MIT
  license_family: MIT
  purls: []
  size: 70137
  timestamp: 1763550049107
- conda: https://prefix.dev/conda-forge/linux-64/libffi-3.5.2-h9ec8514_0.conda
  sha256: 25cbdfa65580cfab1b8d15ee90b4c9f1e0d72128f1661449c9a999d341377d54
  md5: 35f29eec58405aaf55e01cb470d8c26a
  depends:
  - __glibc >=2.17,<3.0.a0
  - libgcc >=14
  license: MIT
  license_family: MIT
  purls: []
  size: 57821
  timestamp: 1760295480630
- conda: https://prefix.dev/conda-forge/win-64/libffi-3.5.2-h52bdfb6_0.conda
  sha256: ddff25aaa4f0aa535413f5d831b04073789522890a4d8626366e43ecde1534a3
  md5: ba4ad812d2afc22b9a34ce8327a0930f
  depends:
  - ucrt >=10.0.20348.0
  - vc >=14.3,<15
  - vc14_runtime >=14.44.35208
  license: MIT
  license_family: MIT
  purls: []
  size: 44866
  timestamp: 1760295760649
- conda: https://prefix.dev/conda-forge/linux-64/libgcc-15.2.0-he0feb66_15.conda
  sha256: 37f2edde2f8281672987c63f13c85a57d04d889dc929ce38204426d5eb2059cc
  md5: a5d86b0496174a412d531eac03af9174
  depends:
  - __glibc >=2.17,<3.0.a0
  - _openmp_mutex >=4.5
  constrains:
  - libgomp 15.2.0 he0feb66_15
  - libgcc-ng ==15.2.0=*_15
  license: GPL-3.0-only WITH GCC-exception-3.1
  license_family: GPL
  purls: []
  size: 1041379
  timestamp: 1764836112865
- conda: https://prefix.dev/conda-forge/linux-64/libgomp-15.2.0-he0feb66_15.conda
  sha256: b3c4e39be7aba6f5a8695d428362c5c918b96a281ce0a7037f1e889dfc340615
  md5: a90d6983da0757f4c09bb8fcfaf34e71
  depends:
  - __glibc >=2.17,<3.0.a0
  license: GPL-3.0-only WITH GCC-exception-3.1
  license_family: GPL
  purls: []
  size: 602978
  timestamp: 1764836011147
- conda: https://prefix.dev/conda-forge/linux-64/liblzma-5.8.1-hb9d3cd8_2.conda
  sha256: f2591c0069447bbe28d4d696b7fcb0c5bd0b4ac582769b89addbcf26fb3430d8
  md5: 1a580f7796c7bf6393fddb8bbbde58dc
  depends:
  - __glibc >=2.17,<3.0.a0
  - libgcc >=13
  constrains:
  - xz 5.8.1.*
  license: 0BSD
  purls: []
  size: 112894
  timestamp: 1749230047870
- conda: https://prefix.dev/conda-forge/win-64/liblzma-5.8.1-h2466b09_2.conda
  sha256: 55764956eb9179b98de7cc0e55696f2eff8f7b83fc3ebff5e696ca358bca28cc
  md5: c15148b2e18da456f5108ccb5e411446
  depends:
  - ucrt >=10.0.20348.0
  - vc >=14.2,<15
  - vc14_runtime >=14.29.30139
  constrains:
  - xz 5.8.1.*
  license: 0BSD
  purls: []
  size: 104935
  timestamp: 1749230611612
- conda: https://prefix.dev/conda-forge/linux-64/libmpdec-4.0.0-hb9d3cd8_0.conda
  sha256: 3aa92d4074d4063f2a162cd8ecb45dccac93e543e565c01a787e16a43501f7ee
  md5: c7e925f37e3b40d893459e625f6a53f1
  depends:
  - __glibc >=2.17,<3.0.a0
  - libgcc >=13
  license: BSD-2-Clause
  license_family: BSD
  purls: []
  size: 91183
  timestamp: 1748393666725
- conda: https://prefix.dev/conda-forge/win-64/libmpdec-4.0.0-h2466b09_0.conda
  sha256: fc529fc82c7caf51202cc5cec5bb1c2e8d90edbac6d0a4602c966366efe3c7bf
  md5: 74860100b2029e2523cf480804c76b9b
  depends:
  - ucrt >=10.0.20348.0
  - vc >=14.2,<15
  - vc14_runtime >=14.29.30139
  license: BSD-2-Clause
  license_family: BSD
  purls: []
  size: 88657
  timestamp: 1723861474602
- conda: https://prefix.dev/conda-forge/linux-64/libsqlite-3.51.1-h0c1763c_0.conda
  sha256: 6f0e8a812e8e33a4d8b7a0e595efe28373080d27b78ee4828aa4f6649a088454
  md5: 2e1b84d273b01835256e53fd938de355
  depends:
  - __glibc >=2.17,<3.0.a0
  - libgcc >=14
  - libzlib >=1.3.1,<2.0a0
  license: blessing
  purls: []
  size: 938979
  timestamp: 1764359444435
- conda: https://prefix.dev/conda-forge/win-64/libsqlite-3.51.1-hf5d6505_0.conda
  sha256: a976c8b455d9023b83878609bd68c3b035b9839d592bd6c7be7552c523773b62
  md5: f92bef2f8e523bb0eabe60099683617a
  depends:
  - ucrt >=10.0.20348.0
  - vc >=14.3,<15
  - vc14_runtime >=14.44.35208
  license: blessing
  purls: []
  size: 1291059
  timestamp: 1764359545703
- conda: https://prefix.dev/conda-forge/linux-64/libuuid-2.41.2-h5347b49_1.conda
  sha256: 030447cf827c471abd37092ab9714fde82b8222106f22fde94bc7a64e2704c40
  md5: 41f5c09a211985c3ce642d60721e7c3e
  depends:
  - __glibc >=2.17,<3.0.a0
  - libgcc >=14
  license: BSD-3-Clause
  license_family: BSD
  purls: []
  size: 40235
  timestamp: 1764790744114
- conda: https://prefix.dev/conda-forge/linux-64/libzlib-1.3.1-hb9d3cd8_2.conda
  sha256: d4bfe88d7cb447768e31650f06257995601f89076080e76df55e3112d4e47dc4
  md5: edb0dca6bc32e4f4789199455a1dbeb8
  depends:
  - __glibc >=2.17,<3.0.a0
  - libgcc >=13
  constrains:
  - zlib 1.3.1 *_2
  license: Zlib
  license_family: Other
  purls: []
  size: 60963
  timestamp: 1727963148474
- conda: https://prefix.dev/conda-forge/win-64/libzlib-1.3.1-h2466b09_2.conda
  sha256: ba945c6493449bed0e6e29883c4943817f7c79cbff52b83360f7b341277c6402
  md5: 41fbfac52c601159df6c01f875de31b9
  depends:
  - ucrt >=10.0.20348.0
  - vc >=14.2,<15
  - vc14_runtime >=14.29.30139
  constrains:
  - zlib 1.3.1 *_2
  license: Zlib
  license_family: Other
  purls: []
  size: 55476
  timestamp: 1727963768015
- pypi: https://files.pythonhosted.org/packages/43/e3/7d92a15f894aa0c9c4b49b8ee9ac9850d6e63b03c9c32c0367a13ae62209/mpmath-1.3.0-py3-none-any.whl
  name: mpmath
  version: 1.3.0
  sha256: a0b2b9fe80bbcd81a6647ff13108738cfb482d481d826cc0e02f5b35e5c88d2c
  requires_dist:
  - pytest>=4.6 ; extra == 'develop'
  - pycodestyle ; extra == 'develop'
  - pytest-cov ; extra == 'develop'
  - codecov ; extra == 'develop'
  - wheel ; extra == 'develop'
  - sphinx ; extra == 'docs'
  - gmpy2>=2.1.0a4 ; platform_python_implementation != 'PyPy' and extra == 'gmpy'
  - pytest>=4.6 ; extra == 'tests'
- conda: https://prefix.dev/conda-forge/linux-64/ncurses-6.5-h2d0b736_3.conda
  sha256: 3fde293232fa3fca98635e1167de6b7c7fda83caf24b9d6c91ec9eefb4f4d586
  md5: 47e340acb35de30501a76c7c799c41d7
  depends:
  - __glibc >=2.17,<3.0.a0
  - libgcc >=13
  license: X11 AND BSD-3-Clause
  purls: []
  size: 891641
  timestamp: 1738195959188
- pypi: https://files.pythonhosted.org/packages/19/49/4df9123aafa7b539317bf6d342cb6d227e49f7a35b99c287a6109b13dd93/numpy-2.2.6-cp313-cp313-manylinux_2_17_x86_64.manylinux2014_x86_64.whl
  name: numpy
  version: 2.2.6
  sha256: 1bc23a79bfabc5d056d106f9befb8d50c31ced2fbc70eedb8155aec74a45798f
  requires_python: '>=3.10'
- pypi: https://files.pythonhosted.org/packages/cb/3b/d58c12eafcb298d4e6d0d40216866ab15f59e55d148a5658bb3132311fcf/numpy-2.2.6-cp313-cp313-win_amd64.whl
  name: numpy
  version: 2.2.6
  sha256: b0544343a702fa80c95ad5d3d608ea3599dd54d4632df855e4c8d24eb6ecfa1c
  requires_python: '>=3.10'
- pypi: https://files.pythonhosted.org/packages/4c/06/9c765e66ad32a7e709ce4cb6b95d7eaa9cb4d92a6e11ea97c20ffecaf765/onnxruntime-1.22.1-cp313-cp313-win_amd64.whl
  name: onnxruntime
  version: 1.22.1
  sha256: 70980d729145a36a05f74b573435531f55ef9503bcda81fc6c3d6b9306199982
  requires_dist:
  - coloredlogs
  - flatbuffers
  - numpy>=1.21.6
  - packaging
  - protobuf
  - sympy
  requires_python: '>=3.10'
- pypi: https://files.pythonhosted.org/packages/87/9d/45a995437879c18beff26eacc2322f4227224d04c6ac3254dce2e8950190/onnxruntime-1.22.1-cp313-cp313-manylinux_2_27_x86_64.manylinux_2_28_x86_64.whl
  name: onnxruntime
  version: 1.22.1
  sha256: b0c37070268ba4e02a1a9d28560cd00cd1e94f0d4f275cbef283854f861a65fa
  requires_dist:
  - coloredlogs
  - flatbuffers
  - numpy>=1.21.6
  - packaging
  - protobuf
  - sympy
  requires_python: '>=3.10'
- pypi: https://files.pythonhosted.org/packages/a6/f3/8e4332aad38b22402b7671fedea60e930639b7f265a99f61f31dd8f8fce7/onnxruntime_openvino-1.22.0-cp313-cp313-manylinux_2_28_x86_64.whl
  name: onnxruntime-openvino
  version: 1.22.0
  sha256: a9879cfeb777a74b157383650aaf8762854a564f974ecdad55c7aa5962c7c534
  requires_dist:
  - coloredlogs
  - flatbuffers
  - numpy>=1.21.6
  - packaging
  - protobuf
  - sympy
  requires_python: '>=3.10'
- pypi: https://files.pythonhosted.org/packages/c3/0c/b7ac06f634403354225a5fc7a4b46cc4eb7fdd8a03dea3c77efd95e3c3dd/onnxruntime_openvino-1.22.0-cp313-cp313-win_amd64.whl
  name: onnxruntime-openvino
  version: 1.22.0
  sha256: 329ddda0093cb2702dc5774075d3f5520e7cb9b478a420ec7183ee45426d7027
  requires_dist:
  - coloredlogs
  - flatbuffers
  - numpy>=1.21.6
  - packaging
  - protobuf
  - sympy
  requires_python: '>=3.10'
- conda: https://prefix.dev/conda-forge/linux-64/openssl-3.6.0-h26f9b46_0.conda
  sha256: a47271202f4518a484956968335b2521409c8173e123ab381e775c358c67fe6d
  md5: 9ee58d5c534af06558933af3c845a780
  depends:
  - __glibc >=2.17,<3.0.a0
  - ca-certificates
  - libgcc >=14
  license: Apache-2.0
  license_family: Apache
  purls: []
  size: 3165399
  timestamp: 1762839186699
- conda: https://prefix.dev/conda-forge/win-64/openssl-3.6.0-h725018a_0.conda
  sha256: 6d72d6f766293d4f2aa60c28c244c8efed6946c430814175f959ffe8cab899b3
  md5: 84f8fb4afd1157f59098f618cd2437e4
  depends:
  - ca-certificates
  - ucrt >=10.0.20348.0
  - vc >=14.3,<15
  - vc14_runtime >=14.44.35208
  license: Apache-2.0
  license_family: Apache
  purls: []
  size: 9440812
  timestamp: 1762841722179
- pypi: https://files.pythonhosted.org/packages/8c/8a/39a89f287a0442261b279b12ad25197cc145f28b5635c768cff344434e76/openvino-2025.1.0-18503-cp313-cp313-manylinux2014_x86_64.whl
  name: openvino
  version: 2025.1.0
  sha256: 746fc485c60b7c2be940f9c04105809ac40dfe8487ec422e872dc1340c553b75
  requires_dist:
  - numpy>=1.16.6,<2.3.0
  - openvino-telemetry>=2023.2.1
  - packaging
- pypi: https://files.pythonhosted.org/packages/c0/01/b25400307b2c13e3f32bcd2f06a0d3f823c42d3ad1092209830a7002fb60/openvino-2025.1.0-18503-cp313-cp313-win_amd64.whl
  name: openvino
  version: 2025.1.0
  sha256: a8ea72c31fe243942870dd030e0b6b12642fc39a1d89e3762e59b143b45821b7
  requires_dist:
  - numpy>=1.16.6,<2.3.0
  - openvino-telemetry>=2023.2.1
  - packaging
- pypi: https://files.pythonhosted.org/packages/3b/ac/5ab0ca0aa269ad3c73f7bfc3801b10e5f56f75a31bf68c1ae8bd51cf70a4/openvino_telemetry-2025.2.0-py3-none-any.whl
  name: openvino-telemetry
  version: 2025.2.0
  sha256: bcb667e83a44f202ecf4cfa49281715c6d7e21499daec04ff853b7f964833599
- pypi: https://files.pythonhosted.org/packages/20/12/38679034af332785aac8774540895e234f4d07f7545804097de4b666afd8/packaging-25.0-py3-none-any.whl
  name: packaging
  version: '25.0'
  sha256: 29572ef2b1f17581046b3a2227d5c611fb25ec70ca1ba8554b24b0e69331a484
  requires_python: '>=3.8'
- pypi: https://files.pythonhosted.org/packages/56/13/333b8f421738f149d4fe5e49553bc2a2ab75235486259f689b4b91f96cec/protobuf-6.33.2-cp39-abi3-manylinux2014_x86_64.whl
  name: protobuf
  version: 6.33.2
  sha256: 1f8017c48c07ec5859106533b682260ba3d7c5567b1ca1f24297ce03384d1b4f
  requires_python: '>=3.9'
- pypi: https://files.pythonhosted.org/packages/64/20/4d50191997e917ae13ad0a235c8b42d8c1ab9c3e6fd455ca16d416944355/protobuf-6.33.2-cp310-abi3-win_amd64.whl
  name: protobuf
  version: 6.33.2
  sha256: fc2a0e8b05b180e5fc0dd1559fe8ebdae21a27e81ac77728fb6c42b12c7419b4
  requires_python: '>=3.9'
- pypi: https://files.pythonhosted.org/packages/5a/dc/491b7661614ab97483abf2056be1deee4dc2490ecbf7bff9ab5cdbac86e1/pyreadline3-3.5.4-py3-none-any.whl
  name: pyreadline3
  version: 3.5.4
  sha256: eaf8e6cc3c49bcccf145fc6067ba8643d1df34d604a1ec0eccbf7a18e6d3fae6
  requires_dist:
  - build ; extra == 'dev'
  - flake8 ; extra == 'dev'
  - mypy ; extra == 'dev'
  - pytest ; extra == 'dev'
  - twine ; extra == 'dev'
  requires_python: '>=3.8'
- conda: https://prefix.dev/conda-forge/linux-64/python-3.13.11-hc97d973_100_cp313.conda
  build_number: 100
  sha256: 9cf014cf28e93ee242bacfbf664e8b45ae06e50b04291e640abeaeb0cba0364c
  md5: 0cbb0010f1d8ecb64a428a8d4214609e
  depends:
  - __glibc >=2.17,<3.0.a0
  - bzip2 >=1.0.8,<2.0a0
  - ld_impl_linux-64 >=2.36.1
  - libexpat >=2.7.3,<3.0a0
  - libffi >=3.5.2,<3.6.0a0
  - libgcc >=14
  - liblzma >=5.8.1,<6.0a0
  - libmpdec >=4.0.0,<5.0a0
  - libsqlite >=3.51.1,<4.0a0
  - libuuid >=2.41.2,<3.0a0
  - libzlib >=1.3.1,<2.0a0
  - ncurses >=6.5,<7.0a0
  - openssl >=3.5.4,<4.0a0
  - python_abi 3.13.* *_cp313
  - readline >=8.2,<9.0a0
  - tk >=8.6.13,<8.7.0a0
  - tzdata
  license: Python-2.0
  purls: []
  size: 37226336
  timestamp: 1765021889577
  python_site_packages_path: lib/python3.13/site-packages
- conda: https://prefix.dev/conda-forge/win-64/python-3.13.11-h09917c8_100_cp313.conda
  build_number: 100
  sha256: 0ee0402368783e1fad10025719530499c517a3dbbdfbe18351841d9b7aef1d6a
  md5: 9e4c9a7ee9c4ab5b3778ab73e583283e
  depends:
  - bzip2 >=1.0.8,<2.0a0
  - libexpat >=2.7.3,<3.0a0
  - libffi >=3.5.2,<3.6.0a0
  - liblzma >=5.8.1,<6.0a0
  - libmpdec >=4.0.0,<5.0a0
  - libsqlite >=3.51.1,<4.0a0
  - libzlib >=1.3.1,<2.0a0
  - openssl >=3.5.4,<4.0a0
  - python_abi 3.13.* *_cp313
  - tk >=8.6.13,<8.7.0a0
  - tzdata
  - ucrt >=10.0.20348.0
  - vc >=14.3,<15
  - vc14_runtime >=14.44.35208
  license: Python-2.0
  purls: []
  size: 16617922
  timestamp: 1765019627175
  python_site_packages_path: Lib/site-packages
- conda: https://prefix.dev/conda-forge/noarch/python_abi-3.13-8_cp313.conda
  build_number: 8
  sha256: 210bffe7b121e651419cb196a2a63687b087497595c9be9d20ebe97dd06060a7
  md5: 94305520c52a4aa3f6c2b1ff6008d9f8
  constrains:
  - python 3.13.* *_cp313
  license: BSD-3-Clause
  license_family: BSD
  purls: []
  size: 7002
  timestamp: 1752805902938
- conda: https://prefix.dev/conda-forge/linux-64/readline-8.2-h8c095d6_2.conda
  sha256: 2d6d0c026902561ed77cd646b5021aef2d4db22e57a5b0178dfc669231e06d2c
  md5: 283b96675859b20a825f8fa30f311446
  depends:
  - libgcc >=13
  - ncurses >=6.5,<7.0a0
  license: GPL-3.0-only
  license_family: GPL
  purls: []
  size: 282480
  timestamp: 1740379431762
- pypi: https://files.pythonhosted.org/packages/a2/09/77d55d46fd61b4a135c444fc97158ef34a095e5681d0a6c10b75bf356191/sympy-1.14.0-py3-none-any.whl
  name: sympy
  version: 1.14.0
  sha256: e091cc3e99d2141a0ba2847328f5479b05d94a6635cb96148ccb3f34671bd8f5
  requires_dist:
  - mpmath>=1.1.0,<1.4
  - pytest>=7.1.0 ; extra == 'dev'
  - hypothesis>=6.70.0 ; extra == 'dev'
  requires_python: '>=3.9'
- conda: https://prefix.dev/conda-forge/linux-64/tk-8.6.13-noxft_ha0e22de_103.conda
  sha256: 1544760538a40bcd8ace2b1d8ebe3eb5807ac268641f8acdc18c69c5ebfeaf64
  md5: 86bc20552bf46075e3d92b67f089172d
  depends:
  - __glibc >=2.17,<3.0.a0
  - libgcc >=13
  - libzlib >=1.3.1,<2.0a0
  constrains:
  - xorg-libx11 >=1.8.12,<2.0a0
  license: TCL
  license_family: BSD
  purls: []
  size: 3284905
  timestamp: 1763054914403
- conda: https://prefix.dev/conda-forge/win-64/tk-8.6.13-h2c6b04d_3.conda
  sha256: 4581f4ffb432fefa1ac4f85c5682cc27014bcd66e7beaa0ee330e927a7858790
  md5: 7cb36e506a7dba4817970f8adb6396f9
  depends:
  - ucrt >=10.0.20348.0
  - vc >=14.2,<15
  - vc14_runtime >=14.29.30139
  license: TCL
  license_family: BSD
  purls: []
  size: 3472313
  timestamp: 1763055164278
- conda: https://prefix.dev/conda-forge/noarch/tzdata-2025b-h78e105d_0.conda
  sha256: 5aaa366385d716557e365f0a4e9c3fca43ba196872abbbe3d56bb610d131e192
  md5: 4222072737ccff51314b5ece9c7d6f5a
  license: LicenseRef-Public-Domain
  purls: []
  size: 122968
  timestamp: 1742727099393
- conda: https://prefix.dev/conda-forge/win-64/ucrt-10.0.26100.0-h57928b3_0.conda
  sha256: 3005729dce6f3d3f5ec91dfc49fc75a0095f9cd23bab49efb899657297ac91a5
  md5: 71b24316859acd00bdb8b38f5e2ce328
  constrains:
  - vc14_runtime >=14.29.30037
  - vs2015_runtime >=14.29.30037
  license: LicenseRef-MicrosoftWindowsSDK10
  purls: []
  size: 694692
  timestamp: 1756385147981
- conda: https://prefix.dev/conda-forge/win-64/vc-14.3-h2b53caa_32.conda
  sha256: 82250af59af9ff3c6a635dd4c4764c631d854feb334d6747d356d949af44d7cf
  md5: ef02bbe151253a72b8eda264a935db66
  depends:
  - vc14_runtime >=14.42.34433
  track_features:
  - vc14
  license: BSD-3-Clause
  license_family: BSD
  purls: []
  size: 18861
  timestamp: 1760418772353
- conda: https://prefix.dev/conda-forge/win-64/vc14_runtime-14.44.35208-h818238b_32.conda
  sha256: e3a3656b70d1202e0d042811ceb743bd0d9f7e00e2acdf824d231b044ef6c0fd
  md5: 378d5dcec45eaea8d303da6f00447ac0
  depends:
  - ucrt >=10.0.20348.0
  - vcomp14 14.44.35208 h818238b_32
  constrains:
  - vs2015_runtime 14.44.35208.* *_32
  license: LicenseRef-MicrosoftVisualCpp2015-2022Runtime
  license_family: Proprietary
  purls: []
  size: 682706
  timestamp: 1760418629729
- conda: https://prefix.dev/conda-forge/win-64/vcomp14-14.44.35208-h818238b_32.conda
  sha256: f3790c88fbbdc55874f41de81a4237b1b91eab75e05d0e58661518ff04d2a8a1
  md5: 58f67b437acbf2764317ba273d731f1d
  depends:
  - ucrt >=10.0.20348.0
  constrains:
  - vs2015_runtime 14.44.35208.* *_32
  license: LicenseRef-MicrosoftVisualCpp2015-2022Runtime
  license_family: Proprietary
  purls: []
  size: 114846
  timestamp: 1760418593847
- conda: https://prefix.dev/conda-forge/linux-64/zstd-1.5.7-hb78ec9c_6.conda
  sha256: 68f0206ca6e98fea941e5717cec780ed2873ffabc0e1ed34428c061e2c6268c7
  md5: 4a13eeac0b5c8e5b8ab496e6c4ddd829
  depends:
  - __glibc >=2.17,<3.0.a0
  - libzlib >=1.3.1,<2.0a0
  license: BSD-3-Clause
  license_family: BSD
  purls: []
  size: 601375
  timestamp: 1764777111296
